
Microsoft Visual Studio Solution File, Format Version 12.00
# Visual Studio Version 17
VisualStudioVersion = 17.0.32126.317
MinimumVisualStudioVersion = 10.0.40219.1
Project("{FAE04EC0-301F-11D3-BF4B-00C04F79EFBC}") = "Shopping", "Shopping\Shopping.csproj", "{C10E4C31-1464-4597-8BC7-9F9598EBCD5D}"
EndProject
Global
	GlobalSection(SolutionConfigurationPlatforms) = preSolution
		Debug|Any CPU = Debug|Any CPU
		Release|Any CPU = Release|Any CPU
	EndGlobalSection
	GlobalSection(ProjectConfigurationPlatforms) = postSolution
		{C10E4C31-1464-4597-8BC7-9F9598EBCD5D}.Debug|Any CPU.ActiveCfg = Debug|Any CPU
		{C10E4C31-1464-4597-8BC7-9F9598EBCD5D}.Debug|Any CPU.Build.0 = Debug|Any CPU
		{C10E4C31-1464-4597-8BC7-9F9598EBCD5D}.Release|Any CPU.ActiveCfg = Release|Any CPU
		{C10E4C31-1464-4597-8BC7-9F9598EBCD5D}.Release|Any CPU.Build.0 = Release|Any CPU
	EndGlobalSection
	GlobalSection(SolutionProperties) = preSolution
		HideSolutionNode = FALSE
	EndGlobalSection
	GlobalSection(ExtensibilityGlobals) = postSolution
		SolutionGuid = {2E4F453D-43B1-42FE-A263-416B737FD955}
	EndGlobalSection
EndGlobal
